
Microsoft Visual Studio Solution File, Format Version 12.00
# Visual Studio 2013
VisualStudioVersion = 12.0.31101.0
MinimumVisualStudioVersion = 10.0.40219.1
Project("{FAE04EC0-301F-11D3-BF4B-00C04F79EFBC}") = "Tests", "Tests\Tests.csproj", "{A5D2BCE4-11A8-424B-BE3A-333D503BC48C}"
EndProject
Project("{2150E333-8FDC-42A3-9474-1A3956D46DE8}") = ".nuget", ".nuget", "{97ED9ABB-942E-43A1-B840-02E1C5A5F602}"
	ProjectSection(SolutionItems) = preProject
		.nuget\packages.config = .nuget\packages.config
	EndProjectSection
EndProject
Project("{FAE04EC0-301F-11D3-BF4B-00C04F79EFBC}") = "Logic", "Logic\Logic.csproj", "{3B680302-30F9-4F1D-9393-384202EC817C}"
EndProject
Project("{2150E333-8FDC-42A3-9474-1A3956D46DE8}") = "Solution Items", "Solution Items", "{BAC4B505-8DAF-4763-8721-2D64590994AB}"
	ProjectSection(SolutionItems) = preProject
		README.md = README.md
	EndProjectSection
EndProject
Project("{FAE04EC0-301F-11D3-BF4B-00C04F79EFBC}") = "DeDuper", "DeDuper\DeDuper.csproj", "{079A5724-50D3-414A-A6D8-3E33A5E532E1}"
EndProject
Global
	GlobalSection(SolutionConfigurationPlatforms) = preSolution
		Debug|Any CPU = Debug|Any CPU
		Release|Any CPU = Release|Any CPU
	EndGlobalSection
	GlobalSection(ProjectConfigurationPlatforms) = postSolution
		{A5D2BCE4-11A8-424B-BE3A-333D503BC48C}.Debug|Any CPU.ActiveCfg = Debug|Any CPU
		{A5D2BCE4-11A8-424B-BE3A-333D503BC48C}.Debug|Any CPU.Build.0 = Debug|Any CPU
		{A5D2BCE4-11A8-424B-BE3A-333D503BC48C}.Release|Any CPU.ActiveCfg = Release|Any CPU
		{A5D2BCE4-11A8-424B-BE3A-333D503BC48C}.Release|Any CPU.Build.0 = Release|Any CPU
		{3B680302-30F9-4F1D-9393-384202EC817C}.Debug|Any CPU.ActiveCfg = Debug|Any CPU
		{3B680302-30F9-4F1D-9393-384202EC817C}.Debug|Any CPU.Build.0 = Debug|Any CPU
		{3B680302-30F9-4F1D-9393-384202EC817C}.Release|Any CPU.ActiveCfg = Release|Any CPU
		{3B680302-30F9-4F1D-9393-384202EC817C}.Release|Any CPU.Build.0 = Release|Any CPU
		{079A5724-50D3-414A-A6D8-3E33A5E532E1}.Debug|Any CPU.ActiveCfg = Debug|Any CPU
		{079A5724-50D3-414A-A6D8-3E33A5E532E1}.Debug|Any CPU.Build.0 = Debug|Any CPU
		{079A5724-50D3-414A-A6D8-3E33A5E532E1}.Release|Any CPU.ActiveCfg = Release|Any CPU
		{079A5724-50D3-414A-A6D8-3E33A5E532E1}.Release|Any CPU.Build.0 = Release|Any CPU
	EndGlobalSection
	GlobalSection(SolutionProperties) = preSolution
		HideSolutionNode = FALSE
	EndGlobalSection
EndGlobal
